// !$*UTF8*$!
{
	archiveVersion = 1;
	classes = {
	};
	objectVersion = 55;
	objects = {

/* Begin PBXBuildFile section */
		FF3993C0288C14820020FCF0 /* LoadingView.swift in Sources */ = {isa = PBXBuildFile; fileRef = FF3993BF288C14820020FCF0 /* LoadingView.swift */; };
		FF3993C3288C15DE0020FCF0 /* ConstantColor.swift in Sources */ = {isa = PBXBuildFile; fileRef = FF3993C2288C15DD0020FCF0 /* ConstantColor.swift */; };
		FF3993C7288C47810020FCF0 /* RequestableData.swift in Sources */ = {isa = PBXBuildFile; fileRef = FF3993C6288C47810020FCF0 /* RequestableData.swift */; };
		FF4CB71528560F9700C49B25 /* MapPresenter.swift in Sources */ = {isa = PBXBuildFile; fileRef = FF4CB70F28560F9700C49B25 /* MapPresenter.swift */; };
		FF4CB71628560F9700C49B25 /* MapWorker.swift in Sources */ = {isa = PBXBuildFile; fileRef = FF4CB71028560F9700C49B25 /* MapWorker.swift */; };
		FF4CB71728560F9700C49B25 /* MapRouter.swift in Sources */ = {isa = PBXBuildFile; fileRef = FF4CB71128560F9700C49B25 /* MapRouter.swift */; };
		FF4CB71828560F9700C49B25 /* MapModels.swift in Sources */ = {isa = PBXBuildFile; fileRef = FF4CB71228560F9700C49B25 /* MapModels.swift */; };
		FF4CB71928560F9700C49B25 /* MapViewController.swift in Sources */ = {isa = PBXBuildFile; fileRef = FF4CB71328560F9700C49B25 /* MapViewController.swift */; };
		FF4CB71A28560F9700C49B25 /* MapInteractor.swift in Sources */ = {isa = PBXBuildFile; fileRef = FF4CB71428560F9700C49B25 /* MapInteractor.swift */; };
		FF4CB7242856117200C49B25 /* ListPresenter.swift in Sources */ = {isa = PBXBuildFile; fileRef = FF4CB71E2856117200C49B25 /* ListPresenter.swift */; };
		FF4CB7252856117200C49B25 /* ListWorker.swift in Sources */ = {isa = PBXBuildFile; fileRef = FF4CB71F2856117200C49B25 /* ListWorker.swift */; };
		FF4CB7262856117200C49B25 /* ListRouter.swift in Sources */ = {isa = PBXBuildFile; fileRef = FF4CB7202856117200C49B25 /* ListRouter.swift */; };
		FF4CB7272856117200C49B25 /* ListModels.swift in Sources */ = {isa = PBXBuildFile; fileRef = FF4CB7212856117200C49B25 /* ListModels.swift */; };
		FF4CB7282856117200C49B25 /* ListViewController.swift in Sources */ = {isa = PBXBuildFile; fileRef = FF4CB7222856117200C49B25 /* ListViewController.swift */; };
		FF4CB7292856117200C49B25 /* ListInteractor.swift in Sources */ = {isa = PBXBuildFile; fileRef = FF4CB7232856117200C49B25 /* ListInteractor.swift */; };
		FF4CB731285611A600C49B25 /* DetailsPresenter.swift in Sources */ = {isa = PBXBuildFile; fileRef = FF4CB72B285611A600C49B25 /* DetailsPresenter.swift */; };
		FF4CB732285611A600C49B25 /* DetailsWorker.swift in Sources */ = {isa = PBXBuildFile; fileRef = FF4CB72C285611A600C49B25 /* DetailsWorker.swift */; };
		FF4CB733285611A600C49B25 /* DetailsRouter.swift in Sources */ = {isa = PBXBuildFile; fileRef = FF4CB72D285611A600C49B25 /* DetailsRouter.swift */; };
		FF4CB734285611A600C49B25 /* DetailsModels.swift in Sources */ = {isa = PBXBuildFile; fileRef = FF4CB72E285611A600C49B25 /* DetailsModels.swift */; };
		FF4CB735285611A600C49B25 /* DetailsViewController.swift in Sources */ = {isa = PBXBuildFile; fileRef = FF4CB72F285611A600C49B25 /* DetailsViewController.swift */; };
		FF4CB736285611A600C49B25 /* DetailsInteractor.swift in Sources */ = {isa = PBXBuildFile; fileRef = FF4CB730285611A600C49B25 /* DetailsInteractor.swift */; };
		FF4CB7382856125A00C49B25 /* BelarusbankBranches.swift in Sources */ = {isa = PBXBuildFile; fileRef = FF4CB7372856125A00C49B25 /* BelarusbankBranches.swift */; };
		FF4CB78828575B7500C49B25 /* BelarusbankATM.swift in Sources */ = {isa = PBXBuildFile; fileRef = FF4CB78728575B7500C49B25 /* BelarusbankATM.swift */; };
		FF4CB7912858B2E500C49B25 /* ObjectsTabBarController.swift in Sources */ = {isa = PBXBuildFile; fileRef = FF4CB7902858B2E500C49B25 /* ObjectsTabBarController.swift */; };
		FF4CB79D285A177700C49B25 /* LoadingPresenter.swift in Sources */ = {isa = PBXBuildFile; fileRef = FF4CB797285A177700C49B25 /* LoadingPresenter.swift */; };
		FF4CB79E285A177700C49B25 /* LoadingWorker.swift in Sources */ = {isa = PBXBuildFile; fileRef = FF4CB798285A177700C49B25 /* LoadingWorker.swift */; };
		FF4CB79F285A177700C49B25 /* LoadingRouter.swift in Sources */ = {isa = PBXBuildFile; fileRef = FF4CB799285A177700C49B25 /* LoadingRouter.swift */; };
		FF4CB7A0285A177700C49B25 /* LoadingModels.swift in Sources */ = {isa = PBXBuildFile; fileRef = FF4CB79A285A177700C49B25 /* LoadingModels.swift */; };
		FF4CB7A1285A177700C49B25 /* LoadingViewController.swift in Sources */ = {isa = PBXBuildFile; fileRef = FF4CB79B285A177700C49B25 /* LoadingViewController.swift */; };
		FF4CB7A2285A177700C49B25 /* LoadingInteractor.swift in Sources */ = {isa = PBXBuildFile; fileRef = FF4CB79C285A177700C49B25 /* LoadingInteractor.swift */; };
		FF881B5428C3E16200C3ADD5 /* CLLocation+Ex.swift in Sources */ = {isa = PBXBuildFile; fileRef = FF881B5328C3E16200C3ADD5 /* CLLocation+Ex.swift */; };
		FF9CA65E3354D00667C3E027 /* Pods_SPBanks.framework in Frameworks */ = {isa = PBXBuildFile; fileRef = 7A84B5E4B12A06E468ABD323 /* Pods_SPBanks.framework */; };
		FFE112F82853C1F400C6DB57 /* AppDelegate.swift in Sources */ = {isa = PBXBuildFile; fileRef = FFE112F72853C1F400C6DB57 /* AppDelegate.swift */; };
		FFE112FA2853C1F400C6DB57 /* SceneDelegate.swift in Sources */ = {isa = PBXBuildFile; fileRef = FFE112F92853C1F400C6DB57 /* SceneDelegate.swift */; };
		FFE113022853C1F400C6DB57 /* SPBanks.xcdatamodeld in Sources */ = {isa = PBXBuildFile; fileRef = FFE113002853C1F400C6DB57 /* SPBanks.xcdatamodeld */; };
		FFE113042853C1F400C6DB57 /* Assets.xcassets in Resources */ = {isa = PBXBuildFile; fileRef = FFE113032853C1F400C6DB57 /* Assets.xcassets */; };
		FFE113072853C1F400C6DB57 /* LaunchScreen.storyboard in Resources */ = {isa = PBXBuildFile; fileRef = FFE113052853C1F400C6DB57 /* LaunchScreen.storyboard */; };
		FFF1708328C3E55D00BA3698 /* ATM+Ex.swift in Sources */ = {isa = PBXBuildFile; fileRef = FFF1708228C3E55D00BA3698 /* ATM+Ex.swift */; };
		FFFD749628BE05CC000C7DC0 /* BankFacility.swift in Sources */ = {isa = PBXBuildFile; fileRef = FFFD749528BE05CC000C7DC0 /* BankFacility.swift */; };
		FFFD749828BE31E1000C7DC0 /* AdditionalInfo.swift in Sources */ = {isa = PBXBuildFile; fileRef = FFFD749728BE31E1000C7DC0 /* AdditionalInfo.swift */; };
		FFFD749A28BE3227000C7DC0 /* TypeOfBankFacility.swift in Sources */ = {isa = PBXBuildFile; fileRef = FFFD749928BE3227000C7DC0 /* TypeOfBankFacility.swift */; };
		FFFD74A028C38653000C7DC0 /* URLSession+Ex.swift in Sources */ = {isa = PBXBuildFile; fileRef = FFFD749F28C38653000C7DC0 /* URLSession+Ex.swift */; };
/* End PBXBuildFile section */

/* Begin PBXFileReference section */
		23409991B6C1121907FDD514 /* Pods-SPBanks.debug.xcconfig */ = {isa = PBXFileReference; includeInIndex = 1; lastKnownFileType = text.xcconfig; name = "Pods-SPBanks.debug.xcconfig"; path = "Target Support Files/Pods-SPBanks/Pods-SPBanks.debug.xcconfig"; sourceTree = "<group>"; };
		7A84B5E4B12A06E468ABD323 /* Pods_SPBanks.framework */ = {isa = PBXFileReference; explicitFileType = wrapper.framework; includeInIndex = 0; path = Pods_SPBanks.framework; sourceTree = BUILT_PRODUCTS_DIR; };
		7C0BEDB280F3D54BC6A4B8D2 /* Pods-SPBanks.release.xcconfig */ = {isa = PBXFileReference; includeInIndex = 1; lastKnownFileType = text.xcconfig; name = "Pods-SPBanks.release.xcconfig"; path = "Target Support Files/Pods-SPBanks/Pods-SPBanks.release.xcconfig"; sourceTree = "<group>"; };
		FF3993BF288C14820020FCF0 /* LoadingView.swift */ = {isa = PBXFileReference; lastKnownFileType = sourcecode.swift; path = LoadingView.swift; sourceTree = "<group>"; };
		FF3993C2288C15DD0020FCF0 /* ConstantColor.swift */ = {isa = PBXFileReference; lastKnownFileType = sourcecode.swift; path = ConstantColor.swift; sourceTree = "<group>"; };
		FF3993C6288C47810020FCF0 /* RequestableData.swift */ = {isa = PBXFileReference; lastKnownFileType = sourcecode.swift; path = RequestableData.swift; sourceTree = "<group>"; };
		FF4CB70F28560F9700C49B25 /* MapPresenter.swift */ = {isa = PBXFileReference; lastKnownFileType = sourcecode.swift; path = MapPresenter.swift; sourceTree = "<group>"; };
		FF4CB71028560F9700C49B25 /* MapWorker.swift */ = {isa = PBXFileReference; lastKnownFileType = sourcecode.swift; path = MapWorker.swift; sourceTree = "<group>"; };
		FF4CB71128560F9700C49B25 /* MapRouter.swift */ = {isa = PBXFileReference; lastKnownFileType = sourcecode.swift; path = MapRouter.swift; sourceTree = "<group>"; };
		FF4CB71228560F9700C49B25 /* MapModels.swift */ = {isa = PBXFileReference; lastKnownFileType = sourcecode.swift; path = MapModels.swift; sourceTree = "<group>"; };
		FF4CB71328560F9700C49B25 /* MapViewController.swift */ = {isa = PBXFileReference; lastKnownFileType = sourcecode.swift; path = MapViewController.swift; sourceTree = "<group>"; };
		FF4CB71428560F9700C49B25 /* MapInteractor.swift */ = {isa = PBXFileReference; lastKnownFileType = sourcecode.swift; path = MapInteractor.swift; sourceTree = "<group>"; };
		FF4CB71E2856117200C49B25 /* ListPresenter.swift */ = {isa = PBXFileReference; lastKnownFileType = sourcecode.swift; path = ListPresenter.swift; sourceTree = "<group>"; };
		FF4CB71F2856117200C49B25 /* ListWorker.swift */ = {isa = PBXFileReference; lastKnownFileType = sourcecode.swift; path = ListWorker.swift; sourceTree = "<group>"; };
		FF4CB7202856117200C49B25 /* ListRouter.swift */ = {isa = PBXFileReference; lastKnownFileType = sourcecode.swift; path = ListRouter.swift; sourceTree = "<group>"; };
		FF4CB7212856117200C49B25 /* ListModels.swift */ = {isa = PBXFileReference; lastKnownFileType = sourcecode.swift; path = ListModels.swift; sourceTree = "<group>"; };
		FF4CB7222856117200C49B25 /* ListViewController.swift */ = {isa = PBXFileReference; lastKnownFileType = sourcecode.swift; path = ListViewController.swift; sourceTree = "<group>"; };
		FF4CB7232856117200C49B25 /* ListInteractor.swift */ = {isa = PBXFileReference; lastKnownFileType = sourcecode.swift; path = ListInteractor.swift; sourceTree = "<group>"; };
		FF4CB72B285611A600C49B25 /* DetailsPresenter.swift */ = {isa = PBXFileReference; lastKnownFileType = sourcecode.swift; path = DetailsPresenter.swift; sourceTree = "<group>"; };
		FF4CB72C285611A600C49B25 /* DetailsWorker.swift */ = {isa = PBXFileReference; lastKnownFileType = sourcecode.swift; path = DetailsWorker.swift; sourceTree = "<group>"; };
		FF4CB72D285611A600C49B25 /* DetailsRouter.swift */ = {isa = PBXFileReference; lastKnownFileType = sourcecode.swift; path = DetailsRouter.swift; sourceTree = "<group>"; };
		FF4CB72E285611A600C49B25 /* DetailsModels.swift */ = {isa = PBXFileReference; lastKnownFileType = sourcecode.swift; path = DetailsModels.swift; sourceTree = "<group>"; };
		FF4CB72F285611A600C49B25 /* DetailsViewController.swift */ = {isa = PBXFileReference; lastKnownFileType = sourcecode.swift; path = DetailsViewController.swift; sourceTree = "<group>"; };
		FF4CB730285611A600C49B25 /* DetailsInteractor.swift */ = {isa = PBXFileReference; lastKnownFileType = sourcecode.swift; path = DetailsInteractor.swift; sourceTree = "<group>"; };
		FF4CB7372856125A00C49B25 /* BelarusbankBranches.swift */ = {isa = PBXFileReference; lastKnownFileType = sourcecode.swift; path = BelarusbankBranches.swift; sourceTree = "<group>"; };
		FF4CB78728575B7500C49B25 /* BelarusbankATM.swift */ = {isa = PBXFileReference; lastKnownFileType = sourcecode.swift; path = BelarusbankATM.swift; sourceTree = "<group>"; };
		FF4CB7902858B2E500C49B25 /* ObjectsTabBarController.swift */ = {isa = PBXFileReference; lastKnownFileType = sourcecode.swift; path = ObjectsTabBarController.swift; sourceTree = "<group>"; };
		FF4CB797285A177700C49B25 /* LoadingPresenter.swift */ = {isa = PBXFileReference; lastKnownFileType = sourcecode.swift; path = LoadingPresenter.swift; sourceTree = "<group>"; };
		FF4CB798285A177700C49B25 /* LoadingWorker.swift */ = {isa = PBXFileReference; lastKnownFileType = sourcecode.swift; path = LoadingWorker.swift; sourceTree = "<group>"; };
		FF4CB799285A177700C49B25 /* LoadingRouter.swift */ = {isa = PBXFileReference; lastKnownFileType = sourcecode.swift; path = LoadingRouter.swift; sourceTree = "<group>"; };
		FF4CB79A285A177700C49B25 /* LoadingModels.swift */ = {isa = PBXFileReference; lastKnownFileType = sourcecode.swift; path = LoadingModels.swift; sourceTree = "<group>"; };
		FF4CB79B285A177700C49B25 /* LoadingViewController.swift */ = {isa = PBXFileReference; lastKnownFileType = sourcecode.swift; path = LoadingViewController.swift; sourceTree = "<group>"; };
		FF4CB79C285A177700C49B25 /* LoadingInteractor.swift */ = {isa = PBXFileReference; lastKnownFileType = sourcecode.swift; path = LoadingInteractor.swift; sourceTree = "<group>"; };
		FF881B5328C3E16200C3ADD5 /* CLLocation+Ex.swift */ = {isa = PBXFileReference; lastKnownFileType = sourcecode.swift; path = "CLLocation+Ex.swift"; sourceTree = "<group>"; };
		FFE112F42853C1F400C6DB57 /* SPBanks.app */ = {isa = PBXFileReference; explicitFileType = wrapper.application; includeInIndex = 0; path = SPBanks.app; sourceTree = BUILT_PRODUCTS_DIR; };
		FFE112F72853C1F400C6DB57 /* AppDelegate.swift */ = {isa = PBXFileReference; lastKnownFileType = sourcecode.swift; path = AppDelegate.swift; sourceTree = "<group>"; };
		FFE112F92853C1F400C6DB57 /* SceneDelegate.swift */ = {isa = PBXFileReference; lastKnownFileType = sourcecode.swift; path = SceneDelegate.swift; sourceTree = "<group>"; };
		FFE113012853C1F400C6DB57 /* SPBanks.xcdatamodel */ = {isa = PBXFileReference; lastKnownFileType = wrapper.xcdatamodel; path = SPBanks.xcdatamodel; sourceTree = "<group>"; };
		FFE113032853C1F400C6DB57 /* Assets.xcassets */ = {isa = PBXFileReference; lastKnownFileType = folder.assetcatalog; path = Assets.xcassets; sourceTree = "<group>"; };
		FFE113062853C1F400C6DB57 /* Base */ = {isa = PBXFileReference; lastKnownFileType = file.storyboard; name = Base; path = Base.lproj/LaunchScreen.storyboard; sourceTree = "<group>"; };
		FFE113082853C1F400C6DB57 /* Info.plist */ = {isa = PBXFileReference; lastKnownFileType = text.plist.xml; path = Info.plist; sourceTree = "<group>"; };
		FFF1708228C3E55D00BA3698 /* ATM+Ex.swift */ = {isa = PBXFileReference; lastKnownFileType = sourcecode.swift; path = "ATM+Ex.swift"; sourceTree = "<group>"; };
		FFFD749528BE05CC000C7DC0 /* BankFacility.swift */ = {isa = PBXFileReference; lastKnownFileType = sourcecode.swift; path = BankFacility.swift; sourceTree = "<group>"; };
		FFFD749728BE31E1000C7DC0 /* AdditionalInfo.swift */ = {isa = PBXFileReference; lastKnownFileType = sourcecode.swift; path = AdditionalInfo.swift; sourceTree = "<group>"; };
		FFFD749928BE3227000C7DC0 /* TypeOfBankFacility.swift */ = {isa = PBXFileReference; lastKnownFileType = sourcecode.swift; path = TypeOfBankFacility.swift; sourceTree = "<group>"; };
		FFFD749F28C38653000C7DC0 /* URLSession+Ex.swift */ = {isa = PBXFileReference; lastKnownFileType = sourcecode.swift; path = "URLSession+Ex.swift"; sourceTree = "<group>"; };
/* End PBXFileReference section */

/* Begin PBXFrameworksBuildPhase section */
		FFE112F12853C1F400C6DB57 /* Frameworks */ = {
			isa = PBXFrameworksBuildPhase;
			buildActionMask = 2147483647;
			files = (
				FF9CA65E3354D00667C3E027 /* Pods_SPBanks.framework in Frameworks */,
			);
			runOnlyForDeploymentPostprocessing = 0;
		};
/* End PBXFrameworksBuildPhase section */

/* Begin PBXGroup section */
		52AF446AB13AB048D8DEC543 /* Pods */ = {
			isa = PBXGroup;
			children = (
				23409991B6C1121907FDD514 /* Pods-SPBanks.debug.xcconfig */,
				7C0BEDB280F3D54BC6A4B8D2 /* Pods-SPBanks.release.xcconfig */,
			);
			path = Pods;
			sourceTree = "<group>";
		};
		5D42AAD42E2C28A752A8162B /* Frameworks */ = {
			isa = PBXGroup;
			children = (
				7A84B5E4B12A06E468ABD323 /* Pods_SPBanks.framework */,
			);
			name = Frameworks;
			sourceTree = "<group>";
		};
		FF3993BE288C140E0020FCF0 /* Views */ = {
			isa = PBXGroup;
			children = (
				FF3993BF288C14820020FCF0 /* LoadingView.swift */,
			);
			path = Views;
			sourceTree = "<group>";
		};
		FF3993C1288C15B60020FCF0 /* Constants */ = {
			isa = PBXGroup;
			children = (
				FF3993C2288C15DD0020FCF0 /* ConstantColor.swift */,
			);
			path = Constants;
			sourceTree = "<group>";
		};
		FF3993C4288C47360020FCF0 /* Protocols */ = {
			isa = PBXGroup;
			children = (
				FF3993C6288C47810020FCF0 /* RequestableData.swift */,
			);
			path = Protocols;
			sourceTree = "<group>";
		};
		FF4CB71B28560FA300C49B25 /* Scences */ = {
			isa = PBXGroup;
			children = (
				FF4CB7952858C3FF00C49B25 /* Loading */,
				FF4CB72A2856117A00C49B25 /* Details */,
				FF4CB71D28560FF800C49B25 /* List */,
				FF4CB71C28560FB400C49B25 /* Map */,
				FF4CB78D2858B27A00C49B25 /* Objects */,
			);
			path = Scences;
			sourceTree = "<group>";
		};
		FF4CB71C28560FB400C49B25 /* Map */ = {
			isa = PBXGroup;
			children = (
				FF4CB71028560F9700C49B25 /* MapWorker.swift */,
				FF4CB71128560F9700C49B25 /* MapRouter.swift */,
				FF4CB71228560F9700C49B25 /* MapModels.swift */,
				FF4CB71328560F9700C49B25 /* MapViewController.swift */,
				FF4CB71428560F9700C49B25 /* MapInteractor.swift */,
				FF4CB70F28560F9700C49B25 /* MapPresenter.swift */,
			);
			path = Map;
			sourceTree = "<group>";
		};
		FF4CB71D28560FF800C49B25 /* List */ = {
			isa = PBXGroup;
			children = (
				FF4CB71E2856117200C49B25 /* ListPresenter.swift */,
				FF4CB71F2856117200C49B25 /* ListWorker.swift */,
				FF4CB7202856117200C49B25 /* ListRouter.swift */,
				FF4CB7212856117200C49B25 /* ListModels.swift */,
				FF4CB7222856117200C49B25 /* ListViewController.swift */,
				FF4CB7232856117200C49B25 /* ListInteractor.swift */,
			);
			path = List;
			sourceTree = "<group>";
		};
		FF4CB72A2856117A00C49B25 /* Details */ = {
			isa = PBXGroup;
			children = (
				FF4CB72B285611A600C49B25 /* DetailsPresenter.swift */,
				FF4CB72C285611A600C49B25 /* DetailsWorker.swift */,
				FF4CB72D285611A600C49B25 /* DetailsRouter.swift */,
				FF4CB72E285611A600C49B25 /* DetailsModels.swift */,
				FF4CB72F285611A600C49B25 /* DetailsViewController.swift */,
				FF4CB730285611A600C49B25 /* DetailsInteractor.swift */,
			);
			path = Details;
			sourceTree = "<group>";
		};
		FF4CB7392856127100C49B25 /* Models */ = {
			isa = PBXGroup;
			children = (
				FFFD749428BD49C0000C7DC0 /* Main */,
				FF4CB73A2856128000C49B25 /* Belarusbank */,
			);
			path = Models;
			sourceTree = "<group>";
		};
		FF4CB73A2856128000C49B25 /* Belarusbank */ = {
			isa = PBXGroup;
			children = (
				FFF1708128C3E52000BA3698 /* Extensions */,
				FF4CB78728575B7500C49B25 /* BelarusbankATM.swift */,
				FF4CB7372856125A00C49B25 /* BelarusbankBranches.swift */,
			);
			path = Belarusbank;
			sourceTree = "<group>";
		};
		FF4CB7892858AEBD00C49B25 /* Resoures */ = {
			isa = PBXGroup;
			children = (
				FFE113032853C1F400C6DB57 /* Assets.xcassets */,
			);
			name = Resoures;
			path = ..;
			sourceTree = "<group>";
		};
		FF4CB78D2858B27A00C49B25 /* Objects */ = {
			isa = PBXGroup;
			children = (
				FF4CB7902858B2E500C49B25 /* ObjectsTabBarController.swift */,
			);
			path = Objects;
			sourceTree = "<group>";
		};
		FF4CB7952858C3FF00C49B25 /* Loading */ = {
			isa = PBXGroup;
			children = (
				FF3993BE288C140E0020FCF0 /* Views */,
				FF4CB797285A177700C49B25 /* LoadingPresenter.swift */,
				FF4CB798285A177700C49B25 /* LoadingWorker.swift */,
				FF4CB799285A177700C49B25 /* LoadingRouter.swift */,
				FF4CB79A285A177700C49B25 /* LoadingModels.swift */,
				FF4CB79B285A177700C49B25 /* LoadingViewController.swift */,
				FF4CB79C285A177700C49B25 /* LoadingInteractor.swift */,
			);
			path = Loading;
			sourceTree = "<group>";
		};
		FFE112EB2853C1F400C6DB57 = {
			isa = PBXGroup;
			children = (
				FFE112F62853C1F400C6DB57 /* SPBanks */,
				FFE112F52853C1F400C6DB57 /* Products */,
				52AF446AB13AB048D8DEC543 /* Pods */,
				5D42AAD42E2C28A752A8162B /* Frameworks */,
			);
			sourceTree = "<group>";
		};
		FFE112F52853C1F400C6DB57 /* Products */ = {
			isa = PBXGroup;
			children = (
				FFE112F42853C1F400C6DB57 /* SPBanks.app */,
			);
			name = Products;
			sourceTree = "<group>";
		};
		FFE112F62853C1F400C6DB57 /* SPBanks */ = {
			isa = PBXGroup;
			children = (
				FFFD749E28C38609000C7DC0 /* Extensions */,
				FF3993C4288C47360020FCF0 /* Protocols */,
				FF3993C1288C15B60020FCF0 /* Constants */,
				FF4CB7892858AEBD00C49B25 /* Resoures */,
				FF4CB7392856127100C49B25 /* Models */,
				FF4CB71B28560FA300C49B25 /* Scences */,
				FFE112F72853C1F400C6DB57 /* AppDelegate.swift */,
				FFE112F92853C1F400C6DB57 /* SceneDelegate.swift */,
				FFE113052853C1F400C6DB57 /* LaunchScreen.storyboard */,
				FFE113082853C1F400C6DB57 /* Info.plist */,
				FFE113002853C1F400C6DB57 /* SPBanks.xcdatamodeld */,
			);
			path = SPBanks;
			sourceTree = "<group>";
		};
		FFF1708128C3E52000BA3698 /* Extensions */ = {
			isa = PBXGroup;
			children = (
				FFF1708228C3E55D00BA3698 /* ATM+Ex.swift */,
			);
			path = Extensions;
			sourceTree = "<group>";
		};
		FFFD749428BD49C0000C7DC0 /* Main */ = {
			isa = PBXGroup;
			children = (
				FFFD749528BE05CC000C7DC0 /* BankFacility.swift */,
				FFFD749728BE31E1000C7DC0 /* AdditionalInfo.swift */,
				FFFD749928BE3227000C7DC0 /* TypeOfBankFacility.swift */,
			);
			path = Main;
			sourceTree = "<group>";
		};
		FFFD749E28C38609000C7DC0 /* Extensions */ = {
			isa = PBXGroup;
			children = (
				FFFD749F28C38653000C7DC0 /* URLSession+Ex.swift */,
				FF881B5328C3E16200C3ADD5 /* CLLocation+Ex.swift */,
			);
			path = Extensions;
			sourceTree = "<group>";
		};
/* End PBXGroup section */

/* Begin PBXNativeTarget section */
		FFE112F32853C1F400C6DB57 /* SPBanks */ = {
			isa = PBXNativeTarget;
			buildConfigurationList = FFE1130B2853C1F400C6DB57 /* Build configuration list for PBXNativeTarget "SPBanks" */;
			buildPhases = (
				389F1CF9CBAACEF3FF45156D /* [CP] Check Pods Manifest.lock */,
				FFE112F02853C1F400C6DB57 /* Sources */,
				FFE112F12853C1F400C6DB57 /* Frameworks */,
				FFE112F22853C1F400C6DB57 /* Resources */,
				FFE1130E2853C77F00C6DB57 /* SwiftLint */,
				E51486910FF5AB7D52F62954 /* [CP] Embed Pods Frameworks */,
			);
			buildRules = (
			);
			dependencies = (
			);
			name = SPBanks;
			productName = SPBanks;
			productReference = FFE112F42853C1F400C6DB57 /* SPBanks.app */;
			productType = "com.apple.product-type.application";
		};
/* End PBXNativeTarget section */

/* Begin PBXProject section */
		FFE112EC2853C1F400C6DB57 /* Project object */ = {
			isa = PBXProject;
			attributes = {
				BuildIndependentTargetsInParallel = 1;
				LastSwiftUpdateCheck = 1340;
				LastUpgradeCheck = 1340;
				TargetAttributes = {
					FFE112F32853C1F400C6DB57 = {
						CreatedOnToolsVersion = 13.4.1;
					};
				};
			};
			buildConfigurationList = FFE112EF2853C1F400C6DB57 /* Build configuration list for PBXProject "SPBanks" */;
			compatibilityVersion = "Xcode 13.0";
			developmentRegion = en;
			hasScannedForEncodings = 0;
			knownRegions = (
				en,
				Base,
			);
			mainGroup = FFE112EB2853C1F400C6DB57;
			productRefGroup = FFE112F52853C1F400C6DB57 /* Products */;
			projectDirPath = "";
			projectRoot = "";
			targets = (
				FFE112F32853C1F400C6DB57 /* SPBanks */,
			);
		};
/* End PBXProject section */

/* Begin PBXResourcesBuildPhase section */
		FFE112F22853C1F400C6DB57 /* Resources */ = {
			isa = PBXResourcesBuildPhase;
			buildActionMask = 2147483647;
			files = (
				FFE113072853C1F400C6DB57 /* LaunchScreen.storyboard in Resources */,
				FFE113042853C1F400C6DB57 /* Assets.xcassets in Resources */,
			);
			runOnlyForDeploymentPostprocessing = 0;
		};
/* End PBXResourcesBuildPhase section */

/* Begin PBXShellScriptBuildPhase section */
		389F1CF9CBAACEF3FF45156D /* [CP] Check Pods Manifest.lock */ = {
			isa = PBXShellScriptBuildPhase;
			buildActionMask = 2147483647;
			files = (
			);
			inputFileListPaths = (
			);
			inputPaths = (
				"${PODS_PODFILE_DIR_PATH}/Podfile.lock",
				"${PODS_ROOT}/Manifest.lock",
			);
			name = "[CP] Check Pods Manifest.lock";
			outputFileListPaths = (
			);
			outputPaths = (
				"$(DERIVED_FILE_DIR)/Pods-SPBanks-checkManifestLockResult.txt",
			);
			runOnlyForDeploymentPostprocessing = 0;
			shellPath = /bin/sh;
			shellScript = "diff \"${PODS_PODFILE_DIR_PATH}/Podfile.lock\" \"${PODS_ROOT}/Manifest.lock\" > /dev/null\nif [ $? != 0 ] ; then\n    # print error to STDERR\n    echo \"error: The sandbox is not in sync with the Podfile.lock. Run 'pod install' or update your CocoaPods installation.\" >&2\n    exit 1\nfi\n# This output is used by Xcode 'outputs' to avoid re-running this script phase.\necho \"SUCCESS\" > \"${SCRIPT_OUTPUT_FILE_0}\"\n";
			showEnvVarsInLog = 0;
		};
		E51486910FF5AB7D52F62954 /* [CP] Embed Pods Frameworks */ = {
			isa = PBXShellScriptBuildPhase;
			buildActionMask = 2147483647;
			files = (
			);
			inputFileListPaths = (
				"${PODS_ROOT}/Target Support Files/Pods-SPBanks/Pods-SPBanks-frameworks-${CONFIGURATION}-input-files.xcfilelist",
			);
			name = "[CP] Embed Pods Frameworks";
			outputFileListPaths = (
				"${PODS_ROOT}/Target Support Files/Pods-SPBanks/Pods-SPBanks-frameworks-${CONFIGURATION}-output-files.xcfilelist",
			);
			runOnlyForDeploymentPostprocessing = 0;
			shellPath = /bin/sh;
			shellScript = "\"${PODS_ROOT}/Target Support Files/Pods-SPBanks/Pods-SPBanks-frameworks.sh\"\n";
			showEnvVarsInLog = 0;
		};
		FFE1130E2853C77F00C6DB57 /* SwiftLint */ = {
			isa = PBXShellScriptBuildPhase;
			buildActionMask = 2147483647;
			files = (
			);
			inputFileListPaths = (
			);
			inputPaths = (
			);
			name = SwiftLint;
			outputFileListPaths = (
			);
			outputPaths = (
			);
			runOnlyForDeploymentPostprocessing = 0;
			shellPath = /bin/sh;
			shellScript = "export PATH=\"$PATH:/opt/homebrew/bin\"\nif which swiftlint > /dev/null; then\n  swiftlint\nelse\n  echo \"warning: SwiftLint not installed, download from https://github.com/realm/SwiftLint\"\nfi\n";
		};
/* End PBXShellScriptBuildPhase section */

/* Begin PBXSourcesBuildPhase section */
		FFE112F02853C1F400C6DB57 /* Sources */ = {
			isa = PBXSourcesBuildPhase;
			buildActionMask = 2147483647;
			files = (
				FF4CB7382856125A00C49B25 /* BelarusbankBranches.swift in Sources */,
				FFE112F82853C1F400C6DB57 /* AppDelegate.swift in Sources */,
				FF4CB79D285A177700C49B25 /* LoadingPresenter.swift in Sources */,
				FF3993C7288C47810020FCF0 /* RequestableData.swift in Sources */,
				FF4CB7A1285A177700C49B25 /* LoadingViewController.swift in Sources */,
				FF881B5428C3E16200C3ADD5 /* CLLocation+Ex.swift in Sources */,
				FF4CB71628560F9700C49B25 /* MapWorker.swift in Sources */,
				FF4CB71A28560F9700C49B25 /* MapInteractor.swift in Sources */,
				FF4CB732285611A600C49B25 /* DetailsWorker.swift in Sources */,
				FF4CB71528560F9700C49B25 /* MapPresenter.swift in Sources */,
				FF4CB7272856117200C49B25 /* ListModels.swift in Sources */,
				FF4CB7292856117200C49B25 /* ListInteractor.swift in Sources */,
				FF4CB71928560F9700C49B25 /* MapViewController.swift in Sources */,
				FF4CB7A2285A177700C49B25 /* LoadingInteractor.swift in Sources */,
				FF4CB736285611A600C49B25 /* DetailsInteractor.swift in Sources */,
				FF4CB7912858B2E500C49B25 /* ObjectsTabBarController.swift in Sources */,
				FF4CB78828575B7500C49B25 /* BelarusbankATM.swift in Sources */,
				FFFD749628BE05CC000C7DC0 /* BankFacility.swift in Sources */,
				FF4CB71828560F9700C49B25 /* MapModels.swift in Sources */,
				FF4CB731285611A600C49B25 /* DetailsPresenter.swift in Sources */,
				FF4CB735285611A600C49B25 /* DetailsViewController.swift in Sources */,
				FF4CB7282856117200C49B25 /* ListViewController.swift in Sources */,
				FF4CB71728560F9700C49B25 /* MapRouter.swift in Sources */,
				FF4CB7242856117200C49B25 /* ListPresenter.swift in Sources */,
				FF4CB733285611A600C49B25 /* DetailsRouter.swift in Sources */,
				FF4CB79E285A177700C49B25 /* LoadingWorker.swift in Sources */,
				FF3993C3288C15DE0020FCF0 /* ConstantColor.swift in Sources */,
				FF4CB7252856117200C49B25 /* ListWorker.swift in Sources */,
				FF4CB734285611A600C49B25 /* DetailsModels.swift in Sources */,
				FF4CB7262856117200C49B25 /* ListRouter.swift in Sources */,
				FF4CB7A0285A177700C49B25 /* LoadingModels.swift in Sources */,
				FFE113022853C1F400C6DB57 /* SPBanks.xcdatamodeld in Sources */,
				FFFD749A28BE3227000C7DC0 /* TypeOfBankFacility.swift in Sources */,
				FF4CB79F285A177700C49B25 /* LoadingRouter.swift in Sources */,
				FF3993C0288C14820020FCF0 /* LoadingView.swift in Sources */,
				FFFD749828BE31E1000C7DC0 /* AdditionalInfo.swift in Sources */,
				FFF1708328C3E55D00BA3698 /* ATM+Ex.swift in Sources */,
				FFE112FA2853C1F400C6DB57 /* SceneDelegate.swift in Sources */,
				FFFD74A028C38653000C7DC0 /* URLSession+Ex.swift in Sources */,
			);
			runOnlyForDeploymentPostprocessing = 0;
		};
/* End PBXSourcesBuildPhase section */

/* Begin PBXVariantGroup section */
		FFE113052853C1F400C6DB57 /* LaunchScreen.storyboard */ = {
			isa = PBXVariantGroup;
			children = (
				FFE113062853C1F400C6DB57 /* Base */,
			);
			name = LaunchScreen.storyboard;
			sourceTree = "<group>";
		};
/* End PBXVariantGroup section */

/* Begin XCBuildConfiguration section */
		FFE113092853C1F400C6DB57 /* Debug */ = {
			isa = XCBuildConfiguration;
			buildSettings = {
				ALWAYS_SEARCH_USER_PATHS = NO;
				CLANG_ANALYZER_NONNULL = YES;
				CLANG_ANALYZER_NUMBER_OBJECT_CONVERSION = YES_AGGRESSIVE;
				CLANG_CXX_LANGUAGE_STANDARD = "gnu++17";
				CLANG_ENABLE_MODULES = YES;
				CLANG_ENABLE_OBJC_ARC = YES;
				CLANG_ENABLE_OBJC_WEAK = YES;
				CLANG_WARN_BLOCK_CAPTURE_AUTORELEASING = YES;
				CLANG_WARN_BOOL_CONVERSION = YES;
				CLANG_WARN_COMMA = YES;
				CLANG_WARN_CONSTANT_CONVERSION = YES;
				CLANG_WARN_DEPRECATED_OBJC_IMPLEMENTATIONS = YES;
				CLANG_WARN_DIRECT_OBJC_ISA_USAGE = YES_ERROR;
				CLANG_WARN_DOCUMENTATION_COMMENTS = YES;
				CLANG_WARN_EMPTY_BODY = YES;
				CLANG_WARN_ENUM_CONVERSION = YES;
				CLANG_WARN_INFINITE_RECURSION = YES;
				CLANG_WARN_INT_CONVERSION = YES;
				CLANG_WARN_NON_LITERAL_NULL_CONVERSION = YES;
				CLANG_WARN_OBJC_IMPLICIT_RETAIN_SELF = YES;
				CLANG_WARN_OBJC_LITERAL_CONVERSION = YES;
				CLANG_WARN_OBJC_ROOT_CLASS = YES_ERROR;
				CLANG_WARN_QUOTED_INCLUDE_IN_FRAMEWORK_HEADER = YES;
				CLANG_WARN_RANGE_LOOP_ANALYSIS = YES;
				CLANG_WARN_STRICT_PROTOTYPES = YES;
				CLANG_WARN_SUSPICIOUS_MOVE = YES;
				CLANG_WARN_UNGUARDED_AVAILABILITY = YES_AGGRESSIVE;
				CLANG_WARN_UNREACHABLE_CODE = YES;
				CLANG_WARN__DUPLICATE_METHOD_MATCH = YES;
				COPY_PHASE_STRIP = NO;
				DEBUG_INFORMATION_FORMAT = dwarf;
				ENABLE_STRICT_OBJC_MSGSEND = YES;
				ENABLE_TESTABILITY = YES;
				GCC_C_LANGUAGE_STANDARD = gnu11;
				GCC_DYNAMIC_NO_PIC = NO;
				GCC_NO_COMMON_BLOCKS = YES;
				GCC_OPTIMIZATION_LEVEL = 0;
				GCC_PREPROCESSOR_DEFINITIONS = (
					"DEBUG=1",
					"$(inherited)",
				);
				GCC_WARN_64_TO_32_BIT_CONVERSION = YES;
				GCC_WARN_ABOUT_RETURN_TYPE = YES_ERROR;
				GCC_WARN_UNDECLARED_SELECTOR = YES;
				GCC_WARN_UNINITIALIZED_AUTOS = YES_AGGRESSIVE;
				GCC_WARN_UNUSED_FUNCTION = YES;
				GCC_WARN_UNUSED_VARIABLE = YES;
				IPHONEOS_DEPLOYMENT_TARGET = 14.0;
				MTL_ENABLE_DEBUG_INFO = INCLUDE_SOURCE;
				MTL_FAST_MATH = YES;
				ONLY_ACTIVE_ARCH = YES;
				SDKROOT = iphoneos;
				SWIFT_ACTIVE_COMPILATION_CONDITIONS = DEBUG;
				SWIFT_OPTIMIZATION_LEVEL = "-Onone";
			};
			name = Debug;
		};
		FFE1130A2853C1F400C6DB57 /* Release */ = {
			isa = XCBuildConfiguration;
			buildSettings = {
				ALWAYS_SEARCH_USER_PATHS = NO;
				CLANG_ANALYZER_NONNULL = YES;
				CLANG_ANALYZER_NUMBER_OBJECT_CONVERSION = YES_AGGRESSIVE;
				CLANG_CXX_LANGUAGE_STANDARD = "gnu++17";
				CLANG_ENABLE_MODULES = YES;
				CLANG_ENABLE_OBJC_ARC = YES;
				CLANG_ENABLE_OBJC_WEAK = YES;
				CLANG_WARN_BLOCK_CAPTURE_AUTORELEASING = YES;
				CLANG_WARN_BOOL_CONVERSION = YES;
				CLANG_WARN_COMMA = YES;
				CLANG_WARN_CONSTANT_CONVERSION = YES;
				CLANG_WARN_DEPRECATED_OBJC_IMPLEMENTATIONS = YES;
				CLANG_WARN_DIRECT_OBJC_ISA_USAGE = YES_ERROR;
				CLANG_WARN_DOCUMENTATION_COMMENTS = YES;
				CLANG_WARN_EMPTY_BODY = YES;
				CLANG_WARN_ENUM_CONVERSION = YES;
				CLANG_WARN_INFINITE_RECURSION = YES;
				CLANG_WARN_INT_CONVERSION = YES;
				CLANG_WARN_NON_LITERAL_NULL_CONVERSION = YES;
				CLANG_WARN_OBJC_IMPLICIT_RETAIN_SELF = YES;
				CLANG_WARN_OBJC_LITERAL_CONVERSION = YES;
				CLANG_WARN_OBJC_ROOT_CLASS = YES_ERROR;
				CLANG_WARN_QUOTED_INCLUDE_IN_FRAMEWORK_HEADER = YES;
				CLANG_WARN_RANGE_LOOP_ANALYSIS = YES;
				CLANG_WARN_STRICT_PROTOTYPES = YES;
				CLANG_WARN_SUSPICIOUS_MOVE = YES;
				CLANG_WARN_UNGUARDED_AVAILABILITY = YES_AGGRESSIVE;
				CLANG_WARN_UNREACHABLE_CODE = YES;
				CLANG_WARN__DUPLICATE_METHOD_MATCH = YES;
				COPY_PHASE_STRIP = NO;
				DEBUG_INFORMATION_FORMAT = "dwarf-with-dsym";
				ENABLE_NS_ASSERTIONS = NO;
				ENABLE_STRICT_OBJC_MSGSEND = YES;
				GCC_C_LANGUAGE_STANDARD = gnu11;
				GCC_NO_COMMON_BLOCKS = YES;
				GCC_WARN_64_TO_32_BIT_CONVERSION = YES;
				GCC_WARN_ABOUT_RETURN_TYPE = YES_ERROR;
				GCC_WARN_UNDECLARED_SELECTOR = YES;
				GCC_WARN_UNINITIALIZED_AUTOS = YES_AGGRESSIVE;
				GCC_WARN_UNUSED_FUNCTION = YES;
				GCC_WARN_UNUSED_VARIABLE = YES;
				IPHONEOS_DEPLOYMENT_TARGET = 14.0;
				MTL_ENABLE_DEBUG_INFO = NO;
				MTL_FAST_MATH = YES;
				SDKROOT = iphoneos;
				SWIFT_COMPILATION_MODE = wholemodule;
				SWIFT_OPTIMIZATION_LEVEL = "-O";
				VALIDATE_PRODUCT = YES;
			};
			name = Release;
		};
		FFE1130C2853C1F400C6DB57 /* Debug */ = {
			isa = XCBuildConfiguration;
			baseConfigurationReference = 23409991B6C1121907FDD514 /* Pods-SPBanks.debug.xcconfig */;
			buildSettings = {
				ASSETCATALOG_COMPILER_APPICON_NAME = AppIcon;
				ASSETCATALOG_COMPILER_GLOBAL_ACCENT_COLOR_NAME = AccentColor;
				CODE_SIGN_STYLE = Automatic;
				CURRENT_PROJECT_VERSION = 1;
				DEVELOPMENT_TEAM = GUC8R3MZ99;
				GENERATE_INFOPLIST_FILE = YES;
				INFOPLIST_FILE = SPBanks/Info.plist;
				INFOPLIST_KEY_UIApplicationSupportsIndirectInputEvents = YES;
				INFOPLIST_KEY_UILaunchStoryboardName = LaunchScreen;
				INFOPLIST_KEY_UISupportedInterfaceOrientations_iPad = "UIInterfaceOrientationPortrait UIInterfaceOrientationPortraitUpsideDown UIInterfaceOrientationLandscapeLeft UIInterfaceOrientationLandscapeRight";
				INFOPLIST_KEY_UISupportedInterfaceOrientations_iPhone = "UIInterfaceOrientationPortrait UIInterfaceOrientationLandscapeLeft UIInterfaceOrientationLandscapeRight";
				IPHONEOS_DEPLOYMENT_TARGET = 14.0;
				LD_RUNPATH_SEARCH_PATHS = (
					"$(inherited)",
					"@executable_path/Frameworks",
				);
				MARKETING_VERSION = 1.0;
				PRODUCT_BUNDLE_IDENTIFIER = sergey.parfenchyk.SPBanks;
				PRODUCT_NAME = "$(TARGET_NAME)";
				SWIFT_EMIT_LOC_STRINGS = YES;
				SWIFT_VERSION = 5.0;
				TARGETED_DEVICE_FAMILY = 1;
			};
			name = Debug;
		};
		FFE1130D2853C1F400C6DB57 /* Release */ = {
			isa = XCBuildConfiguration;
			baseConfigurationReference = 7C0BEDB280F3D54BC6A4B8D2 /* Pods-SPBanks.release.xcconfig */;
			buildSettings = {
				ASSETCATALOG_COMPILER_APPICON_NAME = AppIcon;
				ASSETCATALOG_COMPILER_GLOBAL_ACCENT_COLOR_NAME = AccentColor;
				CODE_SIGN_STYLE = Automatic;
				CURRENT_PROJECT_VERSION = 1;
				DEVELOPMENT_TEAM = GUC8R3MZ99;
				GENERATE_INFOPLIST_FILE = YES;
				INFOPLIST_FILE = SPBanks/Info.plist;
				INFOPLIST_KEY_UIApplicationSupportsIndirectInputEvents = YES;
				INFOPLIST_KEY_UILaunchStoryboardName = LaunchScreen;
				INFOPLIST_KEY_UISupportedInterfaceOrientations_iPad = "UIInterfaceOrientationPortrait UIInterfaceOrientationPortraitUpsideDown UIInterfaceOrientationLandscapeLeft UIInterfaceOrientationLandscapeRight";
				INFOPLIST_KEY_UISupportedInterfaceOrientations_iPhone = "UIInterfaceOrientationPortrait UIInterfaceOrientationLandscapeLeft UIInterfaceOrientationLandscapeRight";
				IPHONEOS_DEPLOYMENT_TARGET = 14.0;
				LD_RUNPATH_SEARCH_PATHS = (
					"$(inherited)",
					"@executable_path/Frameworks",
				);
				MARKETING_VERSION = 1.0;
				PRODUCT_BUNDLE_IDENTIFIER = sergey.parfenchyk.SPBanks;
				PRODUCT_NAME = "$(TARGET_NAME)";
				SWIFT_EMIT_LOC_STRINGS = YES;
				SWIFT_VERSION = 5.0;
				TARGETED_DEVICE_FAMILY = 1;
			};
			name = Release;
		};
/* End XCBuildConfiguration section */

/* Begin XCConfigurationList section */
		FFE112EF2853C1F400C6DB57 /* Build configuration list for PBXProject "SPBanks" */ = {
			isa = XCConfigurationList;
			buildConfigurations = (
				FFE113092853C1F400C6DB57 /* Debug */,
				FFE1130A2853C1F400C6DB57 /* Release */,
			);
			defaultConfigurationIsVisible = 0;
			defaultConfigurationName = Release;
		};
		FFE1130B2853C1F400C6DB57 /* Build configuration list for PBXNativeTarget "SPBanks" */ = {
			isa = XCConfigurationList;
			buildConfigurations = (
				FFE1130C2853C1F400C6DB57 /* Debug */,
				FFE1130D2853C1F400C6DB57 /* Release */,
			);
			defaultConfigurationIsVisible = 0;
			defaultConfigurationName = Release;
		};
/* End XCConfigurationList section */

/* Begin XCVersionGroup section */
		FFE113002853C1F400C6DB57 /* SPBanks.xcdatamodeld */ = {
			isa = XCVersionGroup;
			children = (
				FFE113012853C1F400C6DB57 /* SPBanks.xcdatamodel */,
			);
			currentVersion = FFE113012853C1F400C6DB57 /* SPBanks.xcdatamodel */;
			path = SPBanks.xcdatamodeld;
			sourceTree = "<group>";
			versionGroupType = wrapper.xcdatamodel;
		};
/* End XCVersionGroup section */
	};
	rootObject = FFE112EC2853C1F400C6DB57 /* Project object */;
}
